
Microsoft Visual Studio Solution File, Format Version 12.00
# Visual Studio Version 17
VisualStudioVersion = 17.14.36408.4 d17.14
MinimumVisualStudioVersion = 10.0.40219.1
Project("{FAE04EC0-301F-11D3-BF4B-00C04F79EFBC}") = "UrlShortener", "UrlShortener\UrlShortener.csproj", "{00A734A8-B415-4EBC-90F4-BF0F6C058A82}"
EndProject
Global
	GlobalSection(SolutionConfigurationPlatforms) = preSolution
		Debug|Any CPU = Debug|Any CPU
		Release|Any CPU = Release|Any CPU
	EndGlobalSection
	GlobalSection(ProjectConfigurationPlatforms) = postSolution
		{00A734A8-B415-4EBC-90F4-BF0F6C058A82}.Debug|Any CPU.ActiveCfg = Debug|Any CPU
		{00A734A8-B415-4EBC-90F4-BF0F6C058A82}.Debug|Any CPU.Build.0 = Debug|Any CPU
		{00A734A8-B415-4EBC-90F4-BF0F6C058A82}.Release|Any CPU.ActiveCfg = Release|Any CPU
		{00A734A8-B415-4EBC-90F4-BF0F6C058A82}.Release|Any CPU.Build.0 = Release|Any CPU
	EndGlobalSection
	GlobalSection(SolutionProperties) = preSolution
		HideSolutionNode = FALSE
	EndGlobalSection
	GlobalSection(ExtensibilityGlobals) = postSolution
		SolutionGuid = {225DC5EC-D169-46EE-9087-8126CBB22ABB}
	EndGlobalSection
EndGlobal
